{
  "nodes": {
    "home-manager": {
      "inputs": {
        "nixpkgs": [
          "nixpkgs"
        ]
      },
      "locked": {
        "lastModified": 1732319136,
        "narHash": "sha256-wpmPl6FkAF9Jj5C/rzANgpUjfzQrUYOn267LnzKU2uI=",
        "owner": "nix-community",
        "repo": "home-manager",
        "rev": "f8831cc700030e11fc91da9ef6270593e6440edc",
        "type": "github"
      },
      "original": {
        "owner": "nix-community",
        "ref": "release-24.11",
        "repo": "home-manager",
        "type": "github"
      }
    },
    "nixpkgs": {
      "locked": {
        "lastModified": 1732356095,
        "narHash": "sha256-13PERrYzKs7unWHwf9dXjYrab+hvao8w8GwMIPJEVM4=",
        "owner": "NixOS",
        "repo": "nixpkgs",
        "rev": "801f67cb6ca2f176ea17e2dc7c0e57f2ee95d61d",
        "type": "github"
      },
      "original": {
        "owner": "NixOS",
        "ref": "release-24.11",
        "repo": "nixpkgs",
        "type": "github"
      }
    },
    "root": {
      "inputs": {
        "home-manager": "home-manager",
        "nixpkgs": "nixpkgs"
      }
    }
  },
  "root": "root",
  "version": 7
}
