{
  "nodes": {
    "home-manager": {
      "inputs": {
        "nixpkgs": [
          "nixpkgs"
        ]
      },
      "locked": {
        "lastModified": 1732466619,
        "narHash": "sha256-T1e5oceypZu3Q8vzICjv1X/sGs9XfJRMW5OuXHgpB3c=",
        "owner": "nix-community",
        "repo": "home-manager",
        "rev": "f3111f62a23451114433888902a55cf0692b408d",
        "type": "github"
      },
      "original": {
        "owner": "nix-community",
        "ref": "release-24.11",
        "repo": "home-manager",
        "type": "github"
      }
    },
    "nixpkgs": {
      "locked": {
        "lastModified": 1732766487,
        "narHash": "sha256-1oE65JDQoDYBCn2ZHoUD7bHEyq6xoYwpQ5/g5MfjSyc=",
        "owner": "NixOS",
        "repo": "nixpkgs",
        "rev": "2a6058f0ed58bfc056309765c49ab49f01368166",
        "type": "github"
      },
      "original": {
        "owner": "NixOS",
        "ref": "release-24.11",
        "repo": "nixpkgs",
        "type": "github"
      }
    },
    "root": {
      "inputs": {
        "home-manager": "home-manager",
        "nixpkgs": "nixpkgs"
      }
    }
  },
  "root": "root",
  "version": 7
}
