{
  "nodes": {
    "env-secrets": {
      "inputs": {
        "nixpkgs": "nixpkgs"
      },
      "locked": {
        "lastModified": 1754067269,
        "narHash": "sha256-htpB6l/jPF3iF9lBcX/D+jpmmYr0ulpPhEyfnL+0pUA=",
        "ref": "refs/heads/main",
        "rev": "c781e4bd115eddd764ad5790b655715e08371b11",
        "revCount": 38,
        "type": "git",
        "url": "ssh://git@github.com/FedorSulaev/env-secrets.git"
      },
      "original": {
        "type": "git",
        "url": "ssh://git@github.com/FedorSulaev/env-secrets.git"
      }
    },
    "hardware": {
      "locked": {
        "lastModified": 1753122741,
        "narHash": "sha256-nFxE8lk9JvGelxClCmwuJYftbHqwnc01dRN4DVLUroM=",
        "owner": "NixOS",
        "repo": "nixos-hardware",
        "rev": "cc66fddc6cb04ab479a1bb062f4d4da27c936a22",
        "type": "github"
      },
      "original": {
        "owner": "NixOS",
        "repo": "nixos-hardware",
        "type": "github"
      }
    },
    "home-manager": {
      "inputs": {
        "nixpkgs": [
          "nixpkgs"
        ]
      },
      "locked": {
        "lastModified": 1753592768,
        "narHash": "sha256-oV695RvbAE4+R9pcsT9shmp6zE/+IZe6evHWX63f2Qg=",
        "owner": "nix-community",
        "repo": "home-manager",
        "rev": "fc3add429f21450359369af74c2375cb34a2d204",
        "type": "github"
      },
      "original": {
        "owner": "nix-community",
        "ref": "release-25.05",
        "repo": "home-manager",
        "type": "github"
      }
    },
    "nix-darwin": {
      "inputs": {
        "nixpkgs": [
          "nixpkgs"
        ]
      },
      "locked": {
        "lastModified": 1749744770,
        "narHash": "sha256-MEM9XXHgBF/Cyv1RES1t6gqAX7/tvayBC1r/KPyK1ls=",
        "owner": "nix-darwin",
        "repo": "nix-darwin",
        "rev": "536f951efb1ccda9b968e3c9dee39fbeb6d3fdeb",
        "type": "github"
      },
      "original": {
        "owner": "nix-darwin",
        "ref": "nix-darwin-25.05",
        "repo": "nix-darwin",
        "type": "github"
      }
    },
    "nixpkgs": {
      "locked": {
        "lastModified": 0,
        "narHash": "sha256-3k617UUCu1ZZpdl+tc2S+qmkROGRBueoICkxg6m3OtU=",
        "path": "/nix/store/j001rnqn18pr055xkfffhbgdzi40xcg6-source",
        "type": "path"
      },
      "original": {
        "id": "nixpkgs",
        "type": "indirect"
      }
    },
    "nixpkgs_2": {
      "locked": {
        "lastModified": 1754064298,
        "narHash": "sha256-51/xBGL1NyXabL+8o+22NGBP40+8qMgoxm22M0ojrQA=",
        "owner": "NixOS",
        "repo": "nixpkgs",
        "rev": "6084e5b53c5f2d17132eef59f91cda7eb271449a",
        "type": "github"
      },
      "original": {
        "owner": "NixOS",
        "ref": "release-25.05",
        "repo": "nixpkgs",
        "type": "github"
      }
    },
    "root": {
      "inputs": {
        "env-secrets": "env-secrets",
        "hardware": "hardware",
        "home-manager": "home-manager",
        "nix-darwin": "nix-darwin",
        "nixpkgs": "nixpkgs_2"
      }
    }
  },
  "root": "root",
  "version": 7
}
